
Microsoft Visual Studio Solution File, Format Version 12.00
# Visual Studio Version 17
VisualStudioVersion = 17.7.34024.191
MinimumVisualStudioVersion = 10.0.40219.1
Project("{9A19103F-16F7-4668-BE54-9A1E7A4F7556}") = "LabsUI", "LabsUI-DX\LabsUI.csproj", "{167AD841-2D6A-4CE8-AEB6-D7DD918A3F3F}"
EndProject
Global
	GlobalSection(SolutionConfigurationPlatforms) = preSolution
		Debug|Any CPU = Debug|Any CPU
		Release|Any CPU = Release|Any CPU
	EndGlobalSection
	GlobalSection(ProjectConfigurationPlatforms) = postSolution
		{167AD841-2D6A-4CE8-AEB6-D7DD918A3F3F}.Debug|Any CPU.ActiveCfg = Debug|Any CPU
		{167AD841-2D6A-4CE8-AEB6-D7DD918A3F3F}.Debug|Any CPU.Build.0 = Debug|Any CPU
		{167AD841-2D6A-4CE8-AEB6-D7DD918A3F3F}.Release|Any CPU.ActiveCfg = Release|Any CPU
		{167AD841-2D6A-4CE8-AEB6-D7DD918A3F3F}.Release|Any CPU.Build.0 = Release|Any CPU
	EndGlobalSection
	GlobalSection(SolutionProperties) = preSolution
		HideSolutionNode = FALSE
	EndGlobalSection
	GlobalSection(ExtensibilityGlobals) = postSolution
		SolutionGuid = {86C03655-A97B-4235-AD04-BF84BA09BFD9}
	EndGlobalSection
EndGlobal
